
Microsoft Visual Studio Solution File, Format Version 12.00
# Visual Studio Version 17
VisualStudioVersion = 17.5.002.0
MinimumVisualStudioVersion = 10.0.40219.1
Project("{9A19103F-16F7-4668-BE54-9A1E7A4F7556}") = "Aspire.Hosting.Spin", "Aspire.Hosting.Spin/Aspire.Hosting.Spin.csproj", "{DF31A112-D8F7-4D74-B4CD-7463CBC964E9}"
EndProject
Global
	GlobalSection(SolutionConfigurationPlatforms) = preSolution
		Debug|Any CPU = Debug|Any CPU
		Release|Any CPU = Release|Any CPU
	EndGlobalSection
	GlobalSection(ProjectConfigurationPlatforms) = postSolution
		{DF31A112-D8F7-4D74-B4CD-7463CBC964E9}.Debug|Any CPU.ActiveCfg = Debug|Any CPU
		{DF31A112-D8F7-4D74-B4CD-7463CBC964E9}.Debug|Any CPU.Build.0 = Debug|Any CPU
		{DF31A112-D8F7-4D74-B4CD-7463CBC964E9}.Release|Any CPU.ActiveCfg = Release|Any CPU
		{DF31A112-D8F7-4D74-B4CD-7463CBC964E9}.Release|Any CPU.Build.0 = Release|Any CPU
	EndGlobalSection
	GlobalSection(SolutionProperties) = preSolution
		HideSolutionNode = FALSE
	EndGlobalSection
	GlobalSection(ExtensibilityGlobals) = postSolution
		SolutionGuid = {7242478B-3A88-4114-BE13-83A7D120313C}
	EndGlobalSection
EndGlobal
